
Microsoft Visual Studio Solution File, Format Version 12.00
# Visual Studio 14
VisualStudioVersion = 14.0.25420.1
MinimumVisualStudioVersion = 10.0.40219.1
Project("{8BC9CEB8-8B4A-11D0-8D11-00A0C91BC942}") = "Taygeta.Core", "VideoPresenter\VideoPresenter.vcxproj", "{59638C8F-C11D-4A1B-AC32-EB81CB23050E}"
EndProject
Project("{8BC9CEB8-8B4A-11D0-8D11-00A0C91BC942}") = "Demo", "Demo\Demo.vcxproj", "{2516148C-3BFE-4B16-849C-3D0075A0201E}"
EndProject
Global
	GlobalSection(SolutionConfigurationPlatforms) = preSolution
		Debug|Win32 = Debug|Win32
		Debug|x64 = Debug|x64
		Release|Win32 = Release|Win32
		Release|x64 = Release|x64
	EndGlobalSection
	GlobalSection(ProjectConfigurationPlatforms) = postSolution
		{59638C8F-C11D-4A1B-AC32-EB81CB23050E}.Debug|Win32.ActiveCfg = Debug|Win32
		{59638C8F-C11D-4A1B-AC32-EB81CB23050E}.Debug|Win32.Build.0 = Debug|Win32
		{59638C8F-C11D-4A1B-AC32-EB81CB23050E}.Debug|x64.ActiveCfg = Debug|Win32
		{59638C8F-C11D-4A1B-AC32-EB81CB23050E}.Release|Win32.ActiveCfg = Release|Win32
		{59638C8F-C11D-4A1B-AC32-EB81CB23050E}.Release|Win32.Build.0 = Release|Win32
		{59638C8F-C11D-4A1B-AC32-EB81CB23050E}.Release|x64.ActiveCfg = Release|Win32
		{2516148C-3BFE-4B16-849C-3D0075A0201E}.Debug|Win32.ActiveCfg = Debug|Win32
		{2516148C-3BFE-4B16-849C-3D0075A0201E}.Debug|Win32.Build.0 = Debug|Win32
		{2516148C-3BFE-4B16-849C-3D0075A0201E}.Debug|x64.ActiveCfg = Debug|x64
		{2516148C-3BFE-4B16-849C-3D0075A0201E}.Debug|x64.Build.0 = Debug|x64
		{2516148C-3BFE-4B16-849C-3D0075A0201E}.Release|Win32.ActiveCfg = Release|Win32
		{2516148C-3BFE-4B16-849C-3D0075A0201E}.Release|Win32.Build.0 = Release|Win32
		{2516148C-3BFE-4B16-849C-3D0075A0201E}.Release|x64.ActiveCfg = Release|x64
		{2516148C-3BFE-4B16-849C-3D0075A0201E}.Release|x64.Build.0 = Release|x64
	EndGlobalSection
	GlobalSection(SolutionProperties) = preSolution
		HideSolutionNode = FALSE
	EndGlobalSection
EndGlobal
